
Microsoft Visual Studio Solution File, Format Version 12.00
# Visual Studio Version 17
VisualStudioVersion = 17.5.33516.290
MinimumVisualStudioVersion = 10.0.40219.1
Project("{2150E333-8FDC-42A3-9474-1A3956D46DE8}") = "Post", "Post", "{7FECB919-F059-4057-A2A3-30EE2061B51E}"
EndProject
Project("{9A19103F-16F7-4668-BE54-9A1E7A4F7556}") = "CMS.Post.Api", "WebApp\CMS.Post.Api\CMS.Post.Api.csproj", "{8BBC8B3A-538B-4C3E-AD96-F554539D81EF}"
EndProject
Project("{2150E333-8FDC-42A3-9474-1A3956D46DE8}") = "Common", "Common", "{86AAB0C6-E603-4210-8496-EEAD60842DBC}"
EndProject
Project("{9A19103F-16F7-4668-BE54-9A1E7A4F7556}") = "CMS.Base", "WebApp\CMS.Base\CMS.Base.csproj", "{D71CCC8F-58FB-4D83-8976-E28A003DAE4D}"
EndProject
Project("{9A19103F-16F7-4668-BE54-9A1E7A4F7556}") = "CMS.DataModel.Domain", "WebApp\CMS.DataModel\CMS.DataModel.Domain.csproj", "{DB195845-4B60-4E60-B21E-954698C60DF9}"
EndProject
Project("{9A19103F-16F7-4668-BE54-9A1E7A4F7556}") = "CMS.Post.Service", "WebApp\CMS.Post.Service\CMS.Post.Service.csproj", "{38DCAA4D-48BD-4B6E-9F63-FA9A87EAF95C}"
EndProject
Project("{9A19103F-16F7-4668-BE54-9A1E7A4F7556}") = "CMS.Post.DataConnect", "WebApp\CMS.Post.DataConnect\CMS.Post.DataConnect.csproj", "{602FC8F7-38D2-4C43-B7F3-535471B7207C}"
EndProject
Project("{2150E333-8FDC-42A3-9474-1A3956D46DE8}") = "Category", "Category", "{543AFDCF-ADBE-4CA7-A888-2CCF1B579A9A}"
EndProject
Project("{9A19103F-16F7-4668-BE54-9A1E7A4F7556}") = "CMS.Category.Api", "WebApp\CMS.Category.Api\CMS.Category.Api.csproj", "{DC755FA2-5DD5-409A-8123-117D8309090D}"
EndProject
Project("{9A19103F-16F7-4668-BE54-9A1E7A4F7556}") = "CMS.Category.Repo", "WebApp\CMS.Category.Repo\CMS.Category.Repo.csproj", "{B75A4986-5F06-49B3-8F9D-D2D079D27F1E}"
EndProject
Project("{9A19103F-16F7-4668-BE54-9A1E7A4F7556}") = "CMS.Category.DataConnect", "WebApp\CMS.Category.DataConnect\CMS.Category.DataConnect.csproj", "{111A4367-3F93-4C0D-8BCA-AD0E1CE0B6F0}"
EndProject
Project("{9A19103F-16F7-4668-BE54-9A1E7A4F7556}") = "CMS.Helper", "WebApp\CMS.Helper\CMS.Helper.csproj", "{AEF0B48A-81D7-4B7E-BBB7-04B47479A377}"
EndProject
Project("{2150E333-8FDC-42A3-9474-1A3956D46DE8}") = "CMS.WebApp", "CMS.WebApp", "{D594CC39-29A8-4504-8437-4CC2A6507991}"
EndProject
Project("{2150E333-8FDC-42A3-9474-1A3956D46DE8}") = "CMS.DesktopApp", "CMS.DesktopApp", "{2CA8BE35-05F0-4D47-8CB8-5AB7FE6AC8FE}"
EndProject
Project("{2150E333-8FDC-42A3-9474-1A3956D46DE8}") = "FrontEnd", "FrontEnd", "{17B12E3C-F40F-410C-AADF-A4A91D866BAA}"
EndProject
Project("{2150E333-8FDC-42A3-9474-1A3956D46DE8}") = "BackEnd", "BackEnd", "{E01FE222-8E48-44A1-9E9D-D253DAFCE27A}"
EndProject
Project("{54A90642-561A-4BB1-A94E-469ADEE60C69}") = "cms", "FrontEnd\cms\cms.esproj", "{A67349C3-DB21-4EEA-9679-85E2CB7CCBA7}"
EndProject
Project("{9A19103F-16F7-4668-BE54-9A1E7A4F7556}") = "CMS.Post.Repo", "WebApp\CMS.Post.Repo\CMS.Post.Repo.csproj", "{79C2A0A4-9718-4161-8078-78D67146A342}"
EndProject
Project("{9A19103F-16F7-4668-BE54-9A1E7A4F7556}") = "CMS.DataModel.DTO", "WebApp\CMS.DataModel.DTO\CMS.DataModel.DTO.csproj", "{DA06141B-63FC-4272-B7FE-BD5AE06CAE30}"
EndProject
Project("{9A19103F-16F7-4668-BE54-9A1E7A4F7556}") = "CMS.Category.Service", "WebApp\CMS.Category.Service\CMS.Category.Service.csproj", "{4132A90F-002C-4E11-BFC4-EB815E95FD39}"
EndProject
Project("{2150E333-8FDC-42A3-9474-1A3956D46DE8}") = "ApiGateWay", "ApiGateWay", "{C8616983-536E-431E-8098-CAEEFB4D6F06}"
EndProject
Project("{FAE04EC0-301F-11D3-BF4B-00C04F79EFBC}") = "ApiGateWay.Ocelot", "WebApp\ApiGateWay.Ocelot\ApiGateWay.Ocelot.csproj", "{9C0C4B02-4879-4A3F-9C07-B47B8270ED40}"
EndProject
Global
	GlobalSection(SolutionConfigurationPlatforms) = preSolution
		Debug|Any CPU = Debug|Any CPU
		Release|Any CPU = Release|Any CPU
	EndGlobalSection
	GlobalSection(ProjectConfigurationPlatforms) = postSolution
		{8BBC8B3A-538B-4C3E-AD96-F554539D81EF}.Debug|Any CPU.ActiveCfg = Debug|Any CPU
		{8BBC8B3A-538B-4C3E-AD96-F554539D81EF}.Debug|Any CPU.Build.0 = Debug|Any CPU
		{8BBC8B3A-538B-4C3E-AD96-F554539D81EF}.Release|Any CPU.ActiveCfg = Release|Any CPU
		{8BBC8B3A-538B-4C3E-AD96-F554539D81EF}.Release|Any CPU.Build.0 = Release|Any CPU
		{D71CCC8F-58FB-4D83-8976-E28A003DAE4D}.Debug|Any CPU.ActiveCfg = Debug|Any CPU
		{D71CCC8F-58FB-4D83-8976-E28A003DAE4D}.Debug|Any CPU.Build.0 = Debug|Any CPU
		{D71CCC8F-58FB-4D83-8976-E28A003DAE4D}.Release|Any CPU.ActiveCfg = Release|Any CPU
		{D71CCC8F-58FB-4D83-8976-E28A003DAE4D}.Release|Any CPU.Build.0 = Release|Any CPU
		{DB195845-4B60-4E60-B21E-954698C60DF9}.Debug|Any CPU.ActiveCfg = Debug|Any CPU
		{DB195845-4B60-4E60-B21E-954698C60DF9}.Debug|Any CPU.Build.0 = Debug|Any CPU
		{DB195845-4B60-4E60-B21E-954698C60DF9}.Release|Any CPU.ActiveCfg = Release|Any CPU
		{DB195845-4B60-4E60-B21E-954698C60DF9}.Release|Any CPU.Build.0 = Release|Any CPU
		{38DCAA4D-48BD-4B6E-9F63-FA9A87EAF95C}.Debug|Any CPU.ActiveCfg = Debug|Any CPU
		{38DCAA4D-48BD-4B6E-9F63-FA9A87EAF95C}.Debug|Any CPU.Build.0 = Debug|Any CPU
		{38DCAA4D-48BD-4B6E-9F63-FA9A87EAF95C}.Release|Any CPU.ActiveCfg = Release|Any CPU
		{38DCAA4D-48BD-4B6E-9F63-FA9A87EAF95C}.Release|Any CPU.Build.0 = Release|Any CPU
		{602FC8F7-38D2-4C43-B7F3-535471B7207C}.Debug|Any CPU.ActiveCfg = Debug|Any CPU
		{602FC8F7-38D2-4C43-B7F3-535471B7207C}.Debug|Any CPU.Build.0 = Debug|Any CPU
		{602FC8F7-38D2-4C43-B7F3-535471B7207C}.Release|Any CPU.ActiveCfg = Release|Any CPU
		{602FC8F7-38D2-4C43-B7F3-535471B7207C}.Release|Any CPU.Build.0 = Release|Any CPU
		{DC755FA2-5DD5-409A-8123-117D8309090D}.Debug|Any CPU.ActiveCfg = Debug|Any CPU
		{DC755FA2-5DD5-409A-8123-117D8309090D}.Debug|Any CPU.Build.0 = Debug|Any CPU
		{DC755FA2-5DD5-409A-8123-117D8309090D}.Release|Any CPU.ActiveCfg = Release|Any CPU
		{DC755FA2-5DD5-409A-8123-117D8309090D}.Release|Any CPU.Build.0 = Release|Any CPU
		{B75A4986-5F06-49B3-8F9D-D2D079D27F1E}.Debug|Any CPU.ActiveCfg = Debug|Any CPU
		{B75A4986-5F06-49B3-8F9D-D2D079D27F1E}.Debug|Any CPU.Build.0 = Debug|Any CPU
		{B75A4986-5F06-49B3-8F9D-D2D079D27F1E}.Release|Any CPU.ActiveCfg = Release|Any CPU
		{B75A4986-5F06-49B3-8F9D-D2D079D27F1E}.Release|Any CPU.Build.0 = Release|Any CPU
		{111A4367-3F93-4C0D-8BCA-AD0E1CE0B6F0}.Debug|Any CPU.ActiveCfg = Debug|Any CPU
		{111A4367-3F93-4C0D-8BCA-AD0E1CE0B6F0}.Debug|Any CPU.Build.0 = Debug|Any CPU
		{111A4367-3F93-4C0D-8BCA-AD0E1CE0B6F0}.Release|Any CPU.ActiveCfg = Release|Any CPU
		{111A4367-3F93-4C0D-8BCA-AD0E1CE0B6F0}.Release|Any CPU.Build.0 = Release|Any CPU
		{AEF0B48A-81D7-4B7E-BBB7-04B47479A377}.Debug|Any CPU.ActiveCfg = Debug|Any CPU
		{AEF0B48A-81D7-4B7E-BBB7-04B47479A377}.Debug|Any CPU.Build.0 = Debug|Any CPU
		{AEF0B48A-81D7-4B7E-BBB7-04B47479A377}.Release|Any CPU.ActiveCfg = Release|Any CPU
		{AEF0B48A-81D7-4B7E-BBB7-04B47479A377}.Release|Any CPU.Build.0 = Release|Any CPU
		{A67349C3-DB21-4EEA-9679-85E2CB7CCBA7}.Debug|Any CPU.ActiveCfg = Debug|Any CPU
		{A67349C3-DB21-4EEA-9679-85E2CB7CCBA7}.Debug|Any CPU.Build.0 = Debug|Any CPU
		{A67349C3-DB21-4EEA-9679-85E2CB7CCBA7}.Debug|Any CPU.Deploy.0 = Debug|Any CPU
		{A67349C3-DB21-4EEA-9679-85E2CB7CCBA7}.Release|Any CPU.ActiveCfg = Release|Any CPU
		{A67349C3-DB21-4EEA-9679-85E2CB7CCBA7}.Release|Any CPU.Build.0 = Release|Any CPU
		{A67349C3-DB21-4EEA-9679-85E2CB7CCBA7}.Release|Any CPU.Deploy.0 = Release|Any CPU
		{79C2A0A4-9718-4161-8078-78D67146A342}.Debug|Any CPU.ActiveCfg = Debug|Any CPU
		{79C2A0A4-9718-4161-8078-78D67146A342}.Debug|Any CPU.Build.0 = Debug|Any CPU
		{79C2A0A4-9718-4161-8078-78D67146A342}.Release|Any CPU.ActiveCfg = Release|Any CPU
		{79C2A0A4-9718-4161-8078-78D67146A342}.Release|Any CPU.Build.0 = Release|Any CPU
		{DA06141B-63FC-4272-B7FE-BD5AE06CAE30}.Debug|Any CPU.ActiveCfg = Debug|Any CPU
		{DA06141B-63FC-4272-B7FE-BD5AE06CAE30}.Debug|Any CPU.Build.0 = Debug|Any CPU
		{DA06141B-63FC-4272-B7FE-BD5AE06CAE30}.Release|Any CPU.ActiveCfg = Release|Any CPU
		{DA06141B-63FC-4272-B7FE-BD5AE06CAE30}.Release|Any CPU.Build.0 = Release|Any CPU
		{4132A90F-002C-4E11-BFC4-EB815E95FD39}.Debug|Any CPU.ActiveCfg = Debug|Any CPU
		{4132A90F-002C-4E11-BFC4-EB815E95FD39}.Debug|Any CPU.Build.0 = Debug|Any CPU
		{4132A90F-002C-4E11-BFC4-EB815E95FD39}.Release|Any CPU.ActiveCfg = Release|Any CPU
		{4132A90F-002C-4E11-BFC4-EB815E95FD39}.Release|Any CPU.Build.0 = Release|Any CPU
		{9C0C4B02-4879-4A3F-9C07-B47B8270ED40}.Debug|Any CPU.ActiveCfg = Debug|Any CPU
		{9C0C4B02-4879-4A3F-9C07-B47B8270ED40}.Debug|Any CPU.Build.0 = Debug|Any CPU
		{9C0C4B02-4879-4A3F-9C07-B47B8270ED40}.Release|Any CPU.ActiveCfg = Release|Any CPU
		{9C0C4B02-4879-4A3F-9C07-B47B8270ED40}.Release|Any CPU.Build.0 = Release|Any CPU
	EndGlobalSection
	GlobalSection(SolutionProperties) = preSolution
		HideSolutionNode = FALSE
	EndGlobalSection
	GlobalSection(NestedProjects) = preSolution
		{7FECB919-F059-4057-A2A3-30EE2061B51E} = {E01FE222-8E48-44A1-9E9D-D253DAFCE27A}
		{8BBC8B3A-538B-4C3E-AD96-F554539D81EF} = {7FECB919-F059-4057-A2A3-30EE2061B51E}
		{86AAB0C6-E603-4210-8496-EEAD60842DBC} = {E01FE222-8E48-44A1-9E9D-D253DAFCE27A}
		{D71CCC8F-58FB-4D83-8976-E28A003DAE4D} = {86AAB0C6-E603-4210-8496-EEAD60842DBC}
		{DB195845-4B60-4E60-B21E-954698C60DF9} = {86AAB0C6-E603-4210-8496-EEAD60842DBC}
		{38DCAA4D-48BD-4B6E-9F63-FA9A87EAF95C} = {7FECB919-F059-4057-A2A3-30EE2061B51E}
		{602FC8F7-38D2-4C43-B7F3-535471B7207C} = {7FECB919-F059-4057-A2A3-30EE2061B51E}
		{543AFDCF-ADBE-4CA7-A888-2CCF1B579A9A} = {E01FE222-8E48-44A1-9E9D-D253DAFCE27A}
		{DC755FA2-5DD5-409A-8123-117D8309090D} = {543AFDCF-ADBE-4CA7-A888-2CCF1B579A9A}
		{B75A4986-5F06-49B3-8F9D-D2D079D27F1E} = {543AFDCF-ADBE-4CA7-A888-2CCF1B579A9A}
		{111A4367-3F93-4C0D-8BCA-AD0E1CE0B6F0} = {543AFDCF-ADBE-4CA7-A888-2CCF1B579A9A}
		{AEF0B48A-81D7-4B7E-BBB7-04B47479A377} = {86AAB0C6-E603-4210-8496-EEAD60842DBC}
		{17B12E3C-F40F-410C-AADF-A4A91D866BAA} = {D594CC39-29A8-4504-8437-4CC2A6507991}
		{E01FE222-8E48-44A1-9E9D-D253DAFCE27A} = {D594CC39-29A8-4504-8437-4CC2A6507991}
		{A67349C3-DB21-4EEA-9679-85E2CB7CCBA7} = {17B12E3C-F40F-410C-AADF-A4A91D866BAA}
		{79C2A0A4-9718-4161-8078-78D67146A342} = {7FECB919-F059-4057-A2A3-30EE2061B51E}
		{DA06141B-63FC-4272-B7FE-BD5AE06CAE30} = {86AAB0C6-E603-4210-8496-EEAD60842DBC}
		{4132A90F-002C-4E11-BFC4-EB815E95FD39} = {543AFDCF-ADBE-4CA7-A888-2CCF1B579A9A}
		{C8616983-536E-431E-8098-CAEEFB4D6F06} = {E01FE222-8E48-44A1-9E9D-D253DAFCE27A}
		{9C0C4B02-4879-4A3F-9C07-B47B8270ED40} = {C8616983-536E-431E-8098-CAEEFB4D6F06}
	EndGlobalSection
	GlobalSection(ExtensibilityGlobals) = postSolution
		SolutionGuid = {5DEAE03E-1697-4B71-AA9A-0102FD200268}
	EndGlobalSection
EndGlobal
